
Microsoft Visual Studio Solution File, Format Version 12.00
# Visual Studio 2013
VisualStudioVersion = 12.0.30501.0
MinimumVisualStudioVersion = 10.0.40219.1
Project("{FAE04EC0-301F-11D3-BF4B-00C04F79EFBC}") = "NumericalMethods", "NumericalMethods\NumericalMethods.csproj", "{1C085F79-C952-4A6B-9457-1AAB66F6C15A}"
EndProject
Project("{FAE04EC0-301F-11D3-BF4B-00C04F79EFBC}") = "Storages", "Storages\Storages.csproj", "{20BBA6F4-C04B-42F1-B38E-BAFE1E1AAABE}"
EndProject
Global
	GlobalSection(SolutionConfigurationPlatforms) = preSolution
		Debug|Any CPU = Debug|Any CPU
		Release|Any CPU = Release|Any CPU
	EndGlobalSection
	GlobalSection(ProjectConfigurationPlatforms) = postSolution
		{1C085F79-C952-4A6B-9457-1AAB66F6C15A}.Debug|Any CPU.ActiveCfg = Debug|Any CPU
		{1C085F79-C952-4A6B-9457-1AAB66F6C15A}.Debug|Any CPU.Build.0 = Debug|Any CPU
		{1C085F79-C952-4A6B-9457-1AAB66F6C15A}.Release|Any CPU.ActiveCfg = Release|Any CPU
		{1C085F79-C952-4A6B-9457-1AAB66F6C15A}.Release|Any CPU.Build.0 = Release|Any CPU
		{20BBA6F4-C04B-42F1-B38E-BAFE1E1AAABE}.Debug|Any CPU.ActiveCfg = Debug|Any CPU
		{20BBA6F4-C04B-42F1-B38E-BAFE1E1AAABE}.Debug|Any CPU.Build.0 = Debug|Any CPU
		{20BBA6F4-C04B-42F1-B38E-BAFE1E1AAABE}.Release|Any CPU.ActiveCfg = Release|Any CPU
		{20BBA6F4-C04B-42F1-B38E-BAFE1E1AAABE}.Release|Any CPU.Build.0 = Release|Any CPU
	EndGlobalSection
	GlobalSection(SolutionProperties) = preSolution
		HideSolutionNode = FALSE
	EndGlobalSection
EndGlobal
